# This file is autogenerated, do not edit; changes may be undone by the next 'dep ensure'.


[[projects]]
  digest = "1:b4d3a66732db135cf3bac78bddb899e618b86e84150c974f6d8b5c0114320e06"
  name = "github.com/Azure/azure-sdk-for-go"
  packages = [
    "services/resources/mgmt/2017-05-10/resources",
    "version",
  ]
  pruneopts = "UT"
  revision = "8c6dfb65cae4368cc3242549023a616e42fcb702"
  version = "v14.7.0"

[[projects]]
  digest = "1:61d8ba12db8ce8281d05b4de74343f407b43c4fe468dfae874621e0445b09055"
  name = "github.com/Azure/go-autorest"
  packages = [
    "autorest",
    "autorest/adal",
    "autorest/azure",
    "autorest/date",
    "autorest/to",
    "autorest/validation",
    "logger",
    "version",
  ]
  pruneopts = "UT"
  revision = "9bc4033dd347c7f416fca46b2f42a043dc1fbdf6"
  version = "v10.15.5"

[[projects]]
  digest = "1:3b10c6fd33854dc41de2cf78b7bae105da94c2789b6fa5b9ac9e593ea43484ac"
  name = "github.com/Masterminds/goutils"
  packages = ["."]
  pruneopts = "UT"
  revision = "41ac8693c5c10a92ea1ff5ac3a7f95646f6123b0"
  version = "v1.1.0"

[[projects]]
  digest = "1:1aef569b177f49b2d7640cc438b987a320c7f31e8f1f92bbfc31ffe3ac127576"
  name = "github.com/Masterminds/semver"
  packages = ["."]
  pruneopts = "UT"
  revision = "59c29afe1a994eacb71c833025ca7acf874bb1da"
  version = "v1.2.2"

[[projects]]
  digest = "1:693e7ef1b6178cd312132c156fc6d6065c77a0d1f02cc73beecae8b080ec13d7"
  name = "github.com/Masterminds/sprig"
  packages = ["."]
  pruneopts = "UT"
  revision = "9f8fceff796fb9f4e992cd2bece016be0121ab74"
  version = "2.19.0"

[[projects]]
  digest = "1:ffe9824d294da03b391f44e1ae8281281b4afc1bdaa9588c9097785e3af10cec"
  name = "github.com/davecgh/go-spew"
  packages = ["spew"]
  pruneopts = "UT"
  revision = "8991bc29aa16c548c550c7ff78260e27b9ab7c73"
  version = "v1.1.1"

[[projects]]
  branch = "master"
  digest = "1:86d0ec31198cc886921814cf915adc8963d9864d2c51a558f2622c937971bd5c"
  name = "github.com/deislabs/porter"
  packages = [
    "pkg/context",
    "pkg/test",
  ]
  pruneopts = "UT"
  revision = "abd989a8d06c48857ce3df0e0341718a23a4389f"

[[projects]]
  digest = "1:4ba3f5a56779238990894743ec73d7f6b5eca1c8d15e4461d27223b90bfb833c"
  name = "github.com/deislabs/porter-azure"
  packages = [
    "pkg",
    "pkg/azure",
    "pkg/azure/arm",
    "pkg/azure/auth",
  ]
  pruneopts = "UT"
  revision = "09691e2c3a2a303cd9b2eac286cd96c5a08a56ec"
  version = "v0.6.0-ralpha.1+englishrose"

[[projects]]
  digest = "1:76dc72490af7174349349838f2fe118996381b31ea83243812a97e5a0fd5ed55"
  name = "github.com/dgrijalva/jwt-go"
  packages = ["."]
  pruneopts = "UT"
  revision = "06ea1031745cb8b3dab3f6a236daf2b0aa468b7e"
  version = "v3.2.0"

[[projects]]
  digest = "1:d29ee5ef14a7e0253facd0bcebe6a69a7a4e02a67eb24d2aacd8ccb4a7cea6fc"
  name = "github.com/gobuffalo/envy"
  packages = ["."]
  pruneopts = "UT"
  revision = "043cb4b8af871b49563291e32c66bb84378a60ac"
  version = "v1.7.0"

[[projects]]
  digest = "1:149bf2c3b6b332f0cfefed9ae4b8c01c527927d369d7a0f41a211c8bf588b556"
  name = "github.com/gobuffalo/genny"
  packages = ["."]
  pruneopts = "UT"
  revision = "05dc5921e98daa5d406f90c2844ff163cb1e1c4e"
  version = "v0.1.1"

[[projects]]
  digest = "1:3812ee37547a0d26633006c910672c42ddf6f932f79dea6a4446979a561f7d60"
  name = "github.com/gobuffalo/gogen"
  packages = [
    ".",
    "goimports",
    "gomods",
  ]
  pruneopts = "UT"
  revision = "5482e6ef5d999f8cfa9b038a53953c9b4ee090af"
  version = "v0.1.1"

[[projects]]
  branch = "master"
  digest = "1:f391538f4166f7c0aa50943372af196304488b039fe663c134d42f064e1ed92c"
  name = "github.com/gobuffalo/logger"
  packages = ["."]
  pruneopts = "UT"
  revision = "86e12af44bc273e0063fad5b6ad588890b8cfe6b"

[[projects]]
  digest = "1:a3259d2a6c245b62e40232800e3ebb4d7d5840940638de0e4754cb13cdd37790"
  name = "github.com/gobuffalo/mapi"
  packages = ["."]
  pruneopts = "UT"
  revision = "0bb5e840be332d4280e40f2e6c50777c615bbac5"
  version = "v1.0.2"

[[projects]]
  digest = "1:1342bed0d7aded5e5c1c958675f0662c9dbaf2d61fa0a8c5918a144737cff3e4"
  name = "github.com/gobuffalo/packd"
  packages = ["."]
  pruneopts = "UT"
  revision = "9efbb667f2024a9370cadda45a57a0657c88a6fb"
  version = "v0.1.0"

[[projects]]
  digest = "1:0fac441be66684180b031233313b8315644c0734fd73944c3e156e3cf5fbe203"
  name = "github.com/gobuffalo/packr"
  packages = [
    "v2",
    "v2/file",
    "v2/file/resolver",
    "v2/file/resolver/encoding/hex",
    "v2/jam/parser",
    "v2/plog",
  ]
  pruneopts = "UT"
  revision = "cda4ac25577350dac682c8715dc6659327232596"
  version = "v2.2.0"

[[projects]]
  branch = "master"
  digest = "1:b90ac64448d67ef218124185a8524f3c665fb7f51f096d5dd51ce950a1775d89"
  name = "github.com/gobuffalo/syncx"
  packages = ["."]
  pruneopts = "UT"
  revision = "33c29581e754bd354236e977dfe426e55331c45d"

[[projects]]
  digest = "1:8f8811f9be822914c3a25c6a071e93beb4c805d7b026cbf298bc577bc1cc945b"
  name = "github.com/google/uuid"
  packages = ["."]
  pruneopts = "UT"
  revision = "064e2069ce9c359c118179501254f67d7d37ba24"
  version = "0.2"

[[projects]]
  digest = "1:f9a5e090336881be43cfc1cf468330c1bdd60abdc9dd194e0b1ab69f4b94dd7c"
  name = "github.com/huandu/xstrings"
  packages = ["."]
  pruneopts = "UT"
  revision = "f02667b379e2fb5916c3cda2cf31e0eb885d79f8"
  version = "v1.2.0"

[[projects]]
  digest = "1:a0cefd27d12712af4b5018dc7046f245e1e3b5760e2e848c30b171b570708f9b"
  name = "github.com/imdario/mergo"
  packages = ["."]
  pruneopts = "UT"
  revision = "7c29201646fa3de8506f701213473dd407f19646"
  version = "v0.3.7"

[[projects]]
  digest = "1:870d441fe217b8e689d7949fef6e43efbc787e50f200cb1e70dbca9204a1d6be"
  name = "github.com/inconshreveable/mousetrap"
  packages = ["."]
  pruneopts = "UT"
  revision = "76626ae9c91c4f2a10f34cad8ce83ea42c93bb75"
  version = "v1.0"

[[projects]]
  digest = "1:ecd9aa82687cf31d1585d4ac61d0ba180e42e8a6182b85bd785fcca8dfeefc1b"
  name = "github.com/joho/godotenv"
  packages = ["."]
  pruneopts = "UT"
  revision = "23d116af351c84513e1946b527c88823e476be13"
  version = "v1.3.0"

[[projects]]
  digest = "1:19cce3954c778b676622745e850f7d201eefffbb62d2c42ce87673617f96e95a"
  name = "github.com/karrick/godirwalk"
  packages = ["."]
  pruneopts = "UT"
  revision = "5e617d9cfec6f870e63b168e9a2fb7c490a1c108"
  version = "v1.10.3"

[[projects]]
  digest = "1:edbef42561faa44c19129b68d1e109fbc1647f63239250391eadc8d0e7c9f669"
  name = "github.com/kelseyhightower/envconfig"
  packages = ["."]
  pruneopts = "UT"
  revision = "f611eb38b3875cc3bd991ca91c51d06446afa14c"
  version = "v1.3.0"

[[projects]]
  digest = "1:31e761d97c76151dde79e9d28964a812c46efc5baee4085b86f68f0c654450de"
  name = "github.com/konsorten/go-windows-terminal-sequences"
  packages = ["."]
  pruneopts = "UT"
  revision = "f55edac94c9bbba5d6182a4be46d86a2c9b5b50e"
  version = "v1.0.2"

[[projects]]
  branch = "master"
  digest = "1:6e2ed1bdbf1d14b4d0be58bcd3f1c3000c1e226964354457b8e6ca69e83a1cbb"
  name = "github.com/markbates/oncer"
  packages = ["."]
  pruneopts = "UT"
  revision = "bf2de49a0be218916e69a11d22866e6cd0a560f2"

[[projects]]
  digest = "1:28687e854cec240942c103259668b132a8450b05a6cc677eea2282b26ae29310"
  name = "github.com/markbates/safe"
  packages = ["."]
  pruneopts = "UT"
  revision = "6fea05a5732486546a4836b7a1d596c5ec687b98"
  version = "v1.0.1"

[[projects]]
  digest = "1:cf31692c14422fa27c83a05292eb5cbe0fb2775972e8f1f8446a71549bd8980b"
  name = "github.com/pkg/errors"
  packages = ["."]
  pruneopts = "UT"
  revision = "ba968bfe8b2f7e042a574c888954fccecfa385b4"
  version = "v0.8.1"

[[projects]]
  digest = "1:0028cb19b2e4c3112225cd871870f2d9cf49b9b4276531f03438a88e94be86fe"
  name = "github.com/pmezard/go-difflib"
  packages = ["difflib"]
  pruneopts = "UT"
  revision = "792786c7400a136282c1664665ae0a8db921c6c2"
  version = "v1.0.0"

[[projects]]
  digest = "1:e09ada96a5a41deda4748b1659cc8953961799e798aea557257b56baee4ecaf3"
  name = "github.com/rogpeppe/go-internal"
  packages = [
    "modfile",
    "module",
    "semver",
  ]
  pruneopts = "UT"
  revision = "438578804ca6f31be148c27683afc419ce47c06e"
  version = "v1.3.0"

[[projects]]
  digest = "1:fd61cf4ae1953d55df708acb6b91492d538f49c305b364a014049914495db426"
  name = "github.com/sirupsen/logrus"
  packages = ["."]
  pruneopts = "UT"
  revision = "8bdbc7bcc01dcbb8ec23dc8a28e332258d25251f"
  version = "v1.4.1"

[[projects]]
  digest = "1:bb495ec276ab82d3dd08504bbc0594a65de8c3b22c6f2aaa92d05b73fbf3a82e"
  name = "github.com/spf13/afero"
  packages = [
    ".",
    "mem",
  ]
  pruneopts = "UT"
  revision = "588a75ec4f32903aa5e39a2619ba6a4631e28424"
  version = "v1.2.2"

[[projects]]
  digest = "1:645cabccbb4fa8aab25a956cbcbdf6a6845ca736b2c64e197ca7cbb9d210b939"
  name = "github.com/spf13/cobra"
  packages = ["."]
  pruneopts = "UT"
  revision = "ef82de70bb3f60c65fb8eebacbb2d122ef517385"
  version = "v0.0.3"

[[projects]]
  digest = "1:c1b1102241e7f645bc8e0c22ae352e8f0dc6484b6cb4d132fa9f24174e0119e2"
  name = "github.com/spf13/pflag"
  packages = ["."]
  pruneopts = "UT"
  revision = "298182f68c66c05229eb03ac171abe6e309ee79a"
  version = "v1.0.3"

[[projects]]
  digest = "1:5da8ce674952566deae4dbc23d07c85caafc6cfa815b0b3e03e41979cedb8750"
  name = "github.com/stretchr/testify"
  packages = [
    "assert",
    "require",
  ]
  pruneopts = "UT"
  revision = "ffdc059bfe9ce6a4e144ba849dbedead332c6053"
  version = "v1.3.0"

[[projects]]
  branch = "master"
  digest = "1:c72812eff46e3f038674f00d9e043412d2bafd79bdbb4995075aa16b83445135"
  name = "golang.org/x/crypto"
  packages = [
    "pbkdf2",
    "scrypt",
    "ssh/terminal",
  ]
  pruneopts = "UT"
  revision = "22d7a77e9e5f409e934ed268692e56707cd169e5"

[[projects]]
  branch = "master"
  digest = "1:ecdd87b7145987aa9f9c15d84337b0a90edc6725b50793fe6004b74e34c0306a"
  name = "golang.org/x/sys"
  packages = [
    "unix",
    "windows",
  ]
  pruneopts = "UT"
  revision = "06a5c494443846f634903706cba8f993687d3ff5"

[[projects]]
  digest = "1:1093f2eb4b344996604f7d8b29a16c5b22ab9e1b25652140d3fede39f640d5cd"
  name = "golang.org/x/text"
  packages = [
    "internal/gen",
    "internal/triegen",
    "internal/ucd",
    "transform",
    "unicode/cldr",
    "unicode/norm",
  ]
  pruneopts = "UT"
  revision = "342b2e1fbaa52c93f31447ad2c6abc048c63e475"
  version = "v0.3.2"

[[projects]]
  branch = "master"
  digest = "1:93f3f17886abf8d17ff07ece88d6e1974226f5638d216041bd2234ca03ef848c"
  name = "golang.org/x/tools"
  packages = [
    "go/ast/astutil",
    "go/gcexportdata",
    "go/internal/gcimporter",
    "go/internal/packagesdriver",
    "go/packages",
    "go/types/typeutil",
    "imports",
    "internal/fastwalk",
    "internal/gopathwalk",
    "internal/module",
    "internal/semver",
  ]
  pruneopts = "UT"
  revision = "473d3dc1d7ebfe600ef76607c3e200794eaf947a"

[[projects]]
  digest = "1:4d2e5a73dc1500038e504a8d78b986630e3626dc027bc030ba5c75da257cdb96"
  name = "gopkg.in/yaml.v2"
  packages = ["."]
  pruneopts = "UT"
  revision = "51d6538a90f86fe93ac480b35f37b2be17fef232"
  version = "v2.2.2"

[solve-meta]
  analyzer-name = "dep"
  analyzer-version = 1
  input-imports = [
    "github.com/deislabs/porter-azure/pkg/azure",
    "github.com/deislabs/porter/pkg/context",
    "github.com/gobuffalo/packr/v2",
    "github.com/pkg/errors",
    "github.com/spf13/cobra",
    "github.com/stretchr/testify/assert",
    "github.com/stretchr/testify/require",
    "gopkg.in/yaml.v2",
  ]
  solver-name = "gps-cdcl"
  solver-version = 1
